
Microsoft Visual Studio Solution File, Format Version 12.00
# Visual Studio Version 16
VisualStudioVersion = 16.0.30225.117
MinimumVisualStudioVersion = 10.0.40219.1
Project("{FAE04EC0-301F-11D3-BF4B-00C04F79EFBC}") = "GroundHouse", "GroundHouse.csproj", "{1E796179-750E-450F-B6A3-9C91D725F258}"
EndProject
Global
	GlobalSection(SolutionConfigurationPlatforms) = preSolution
		Debug|Any CPU = Debug|Any CPU
		Release|Any CPU = Release|Any CPU
	EndGlobalSection
	GlobalSection(ProjectConfigurationPlatforms) = postSolution
		{1E796179-750E-450F-B6A3-9C91D725F258}.Debug|Any CPU.ActiveCfg = Debug|Any CPU
		{1E796179-750E-450F-B6A3-9C91D725F258}.Debug|Any CPU.Build.0 = Debug|Any CPU
		{1E796179-750E-450F-B6A3-9C91D725F258}.Release|Any CPU.ActiveCfg = Release|Any CPU
		{1E796179-750E-450F-B6A3-9C91D725F258}.Release|Any CPU.Build.0 = Release|Any CPU
	EndGlobalSection
	GlobalSection(SolutionProperties) = preSolution
		HideSolutionNode = FALSE
	EndGlobalSection
	GlobalSection(ExtensibilityGlobals) = postSolution
		SolutionGuid = {12DDA95A-5913-45D7-B6DF-EA3BC59D5B48}
	EndGlobalSection
EndGlobal
